
Microsoft Visual Studio Solution File, Format Version 12.00
# Visual Studio Version 16
VisualStudioVersion = 16.0.29709.97
MinimumVisualStudioVersion = 10.0.40219.1
Project("{FAE04EC0-301F-11D3-BF4B-00C04F79EFBC}") = "ObjectMappingPerformance", "ObjectMappingPerformance.csproj", "{1A916DB4-E1A6-4478-AF93-386A6279749F}"
EndProject
Global
	GlobalSection(SolutionConfigurationPlatforms) = preSolution
		Debug|Any CPU = Debug|Any CPU
		Release|Any CPU = Release|Any CPU
	EndGlobalSection
	GlobalSection(ProjectConfigurationPlatforms) = postSolution
		{1A916DB4-E1A6-4478-AF93-386A6279749F}.Debug|Any CPU.ActiveCfg = Debug|Any CPU
		{1A916DB4-E1A6-4478-AF93-386A6279749F}.Debug|Any CPU.Build.0 = Debug|Any CPU
		{1A916DB4-E1A6-4478-AF93-386A6279749F}.Release|Any CPU.ActiveCfg = Release|Any CPU
		{1A916DB4-E1A6-4478-AF93-386A6279749F}.Release|Any CPU.Build.0 = Release|Any CPU
	EndGlobalSection
	GlobalSection(SolutionProperties) = preSolution
		HideSolutionNode = FALSE
	EndGlobalSection
	GlobalSection(ExtensibilityGlobals) = postSolution
		SolutionGuid = {58A7E0B5-BEE0-457B-B2FE-0AFE11113603}
	EndGlobalSection
EndGlobal
